
Microsoft Visual Studio Solution File, Format Version 12.00
# Visual Studio 14
VisualStudioVersion = 14.0.25420.1
MinimumVisualStudioVersion = 10.0.40219.1
Project("{FAE04EC0-301F-11D3-BF4B-00C04F79EFBC}") = "api5", "api5\api5\api5.csproj", "{C049814B-C2F3-4059-897C-570057443B4E}"
EndProject
Project("{FAE04EC0-301F-11D3-BF4B-00C04F79EFBC}") = "api5.Droid", "api5\api5.Droid\api5.Droid.csproj", "{8E5886FB-1051-4DE8-8FAC-E01769603B8F}"
EndProject
Project("{FAE04EC0-301F-11D3-BF4B-00C04F79EFBC}") = "api5.iOS", "api5\api5.iOS\api5.iOS.csproj", "{81D29484-FA72-4BC3-8992-90775BA37055}"
EndProject
Project("{FAE04EC0-301F-11D3-BF4B-00C04F79EFBC}") = "api5.WinPhone", "api5\api5.WinPhone\api5.WinPhone.csproj", "{344888F9-4D6A-49BA-A840-8B33AFC4EC9F}"
EndProject
Project("{FAE04EC0-301F-11D3-BF4B-00C04F79EFBC}") = "api5.UWP", "api5\api5.UWP\api5.UWP.csproj", "{3005F582-9186-453A-8588-10403200E365}"
EndProject
Project("{FAE04EC0-301F-11D3-BF4B-00C04F79EFBC}") = "api5.Windows", "api5\api5.Windows\api5.Windows.csproj", "{EC02B635-62DA-4688-8376-148328BBD085}"
EndProject
Project("{FAE04EC0-301F-11D3-BF4B-00C04F79EFBC}") = "WebApplication1", "WebApplication1\WebApplication1.csproj", "{9D9088D5-A816-4F1C-9797-14FBC7F790A3}"
EndProject
Global
	GlobalSection(SolutionConfigurationPlatforms) = preSolution
		Ad-Hoc|Any CPU = Ad-Hoc|Any CPU
		Ad-Hoc|ARM = Ad-Hoc|ARM
		Ad-Hoc|iPhone = Ad-Hoc|iPhone
		Ad-Hoc|iPhoneSimulator = Ad-Hoc|iPhoneSimulator
		Ad-Hoc|x64 = Ad-Hoc|x64
		Ad-Hoc|x86 = Ad-Hoc|x86
		AppStore|Any CPU = AppStore|Any CPU
		AppStore|ARM = AppStore|ARM
		AppStore|iPhone = AppStore|iPhone
		AppStore|iPhoneSimulator = AppStore|iPhoneSimulator
		AppStore|x64 = AppStore|x64
		AppStore|x86 = AppStore|x86
		Debug|Any CPU = Debug|Any CPU
		Debug|ARM = Debug|ARM
		Debug|iPhone = Debug|iPhone
		Debug|iPhoneSimulator = Debug|iPhoneSimulator
		Debug|x64 = Debug|x64
		Debug|x86 = Debug|x86
		Release|Any CPU = Release|Any CPU
		Release|ARM = Release|ARM
		Release|iPhone = Release|iPhone
		Release|iPhoneSimulator = Release|iPhoneSimulator
		Release|x64 = Release|x64
		Release|x86 = Release|x86
	EndGlobalSection
	GlobalSection(ProjectConfigurationPlatforms) = postSolution
		{C049814B-C2F3-4059-897C-570057443B4E}.Ad-Hoc|Any CPU.ActiveCfg = Release|Any CPU
		{C049814B-C2F3-4059-897C-570057443B4E}.Ad-Hoc|Any CPU.Build.0 = Release|Any CPU
		{C049814B-C2F3-4059-897C-570057443B4E}.Ad-Hoc|ARM.ActiveCfg = Release|Any CPU
		{C049814B-C2F3-4059-897C-570057443B4E}.Ad-Hoc|ARM.Build.0 = Release|Any CPU
		{C049814B-C2F3-4059-897C-570057443B4E}.Ad-Hoc|iPhone.ActiveCfg = Release|Any CPU
		{C049814B-C2F3-4059-897C-570057443B4E}.Ad-Hoc|iPhone.Build.0 = Release|Any CPU
		{C049814B-C2F3-4059-897C-570057443B4E}.Ad-Hoc|iPhoneSimulator.ActiveCfg = Release|Any CPU
		{C049814B-C2F3-4059-897C-570057443B4E}.Ad-Hoc|iPhoneSimulator.Build.0 = Release|Any CPU
		{C049814B-C2F3-4059-897C-570057443B4E}.Ad-Hoc|x64.ActiveCfg = Release|Any CPU
		{C049814B-C2F3-4059-897C-570057443B4E}.Ad-Hoc|x64.Build.0 = Release|Any CPU
		{C049814B-C2F3-4059-897C-570057443B4E}.Ad-Hoc|x86.ActiveCfg = Release|Any CPU
		{C049814B-C2F3-4059-897C-570057443B4E}.Ad-Hoc|x86.Build.0 = Release|Any CPU
		{C049814B-C2F3-4059-897C-570057443B4E}.AppStore|Any CPU.ActiveCfg = Release|Any CPU
		{C049814B-C2F3-4059-897C-570057443B4E}.AppStore|Any CPU.Build.0 = Release|Any CPU
		{C049814B-C2F3-4059-897C-570057443B4E}.AppStore|ARM.ActiveCfg = Release|Any CPU
		{C049814B-C2F3-4059-897C-570057443B4E}.AppStore|ARM.Build.0 = Release|Any CPU
		{C049814B-C2F3-4059-897C-570057443B4E}.AppStore|iPhone.ActiveCfg = Release|Any CPU
		{C049814B-C2F3-4059-897C-570057443B4E}.AppStore|iPhone.Build.0 = Release|Any CPU
		{C049814B-C2F3-4059-897C-570057443B4E}.AppStore|iPhoneSimulator.ActiveCfg = Release|Any CPU
		{C049814B-C2F3-4059-897C-570057443B4E}.AppStore|iPhoneSimulator.Build.0 = Release|Any CPU
		{C049814B-C2F3-4059-897C-570057443B4E}.AppStore|x64.ActiveCfg = Release|Any CPU
		{C049814B-C2F3-4059-897C-570057443B4E}.AppStore|x64.Build.0 = Release|Any CPU
		{C049814B-C2F3-4059-897C-570057443B4E}.AppStore|x86.ActiveCfg = Release|Any CPU
		{C049814B-C2F3-4059-897C-570057443B4E}.AppStore|x86.Build.0 = Release|Any CPU
		{C049814B-C2F3-4059-897C-570057443B4E}.Debug|Any CPU.ActiveCfg = Debug|Any CPU
		{C049814B-C2F3-4059-897C-570057443B4E}.Debug|Any CPU.Build.0 = Debug|Any CPU
		{C049814B-C2F3-4059-897C-570057443B4E}.Debug|ARM.ActiveCfg = Debug|Any CPU
		{C049814B-C2F3-4059-897C-570057443B4E}.Debug|ARM.Build.0 = Debug|Any CPU
		{C049814B-C2F3-4059-897C-570057443B4E}.Debug|iPhone.ActiveCfg = Debug|Any CPU
		{C049814B-C2F3-4059-897C-570057443B4E}.Debug|iPhone.Build.0 = Debug|Any CPU
		{C049814B-C2F3-4059-897C-570057443B4E}.Debug|iPhoneSimulator.ActiveCfg = Debug|Any CPU
		{C049814B-C2F3-4059-897C-570057443B4E}.Debug|iPhoneSimulator.Build.0 = Debug|Any CPU
		{C049814B-C2F3-4059-897C-570057443B4E}.Debug|x64.ActiveCfg = Debug|Any CPU
		{C049814B-C2F3-4059-897C-570057443B4E}.Debug|x64.Build.0 = Debug|Any CPU
		{C049814B-C2F3-4059-897C-570057443B4E}.Debug|x86.ActiveCfg = Debug|Any CPU
		{C049814B-C2F3-4059-897C-570057443B4E}.Debug|x86.Build.0 = Debug|Any CPU
		{C049814B-C2F3-4059-897C-570057443B4E}.Release|Any CPU.ActiveCfg = Release|Any CPU
		{C049814B-C2F3-4059-897C-570057443B4E}.Release|Any CPU.Build.0 = Release|Any CPU
		{C049814B-C2F3-4059-897C-570057443B4E}.Release|ARM.ActiveCfg = Release|Any CPU
		{C049814B-C2F3-4059-897C-570057443B4E}.Release|ARM.Build.0 = Release|Any CPU
		{C049814B-C2F3-4059-897C-570057443B4E}.Release|iPhone.ActiveCfg = Release|Any CPU
		{C049814B-C2F3-4059-897C-570057443B4E}.Release|iPhone.Build.0 = Release|Any CPU
		{C049814B-C2F3-4059-897C-570057443B4E}.Release|iPhoneSimulator.ActiveCfg = Release|Any CPU
		{C049814B-C2F3-4059-897C-570057443B4E}.Release|iPhoneSimulator.Build.0 = Release|Any CPU
		{C049814B-C2F3-4059-897C-570057443B4E}.Release|x64.ActiveCfg = Release|Any CPU
		{C049814B-C2F3-4059-897C-570057443B4E}.Release|x64.Build.0 = Release|Any CPU
		{C049814B-C2F3-4059-897C-570057443B4E}.Release|x86.ActiveCfg = Release|Any CPU
		{C049814B-C2F3-4059-897C-570057443B4E}.Release|x86.Build.0 = Release|Any CPU
		{8E5886FB-1051-4DE8-8FAC-E01769603B8F}.Ad-Hoc|Any CPU.ActiveCfg = Release|Any CPU
		{8E5886FB-1051-4DE8-8FAC-E01769603B8F}.Ad-Hoc|Any CPU.Build.0 = Release|Any CPU
		{8E5886FB-1051-4DE8-8FAC-E01769603B8F}.Ad-Hoc|Any CPU.Deploy.0 = Release|Any CPU
		{8E5886FB-1051-4DE8-8FAC-E01769603B8F}.Ad-Hoc|ARM.ActiveCfg = Release|Any CPU
		{8E5886FB-1051-4DE8-8FAC-E01769603B8F}.Ad-Hoc|ARM.Build.0 = Release|Any CPU
		{8E5886FB-1051-4DE8-8FAC-E01769603B8F}.Ad-Hoc|ARM.Deploy.0 = Release|Any CPU
		{8E5886FB-1051-4DE8-8FAC-E01769603B8F}.Ad-Hoc|iPhone.ActiveCfg = Release|Any CPU
		{8E5886FB-1051-4DE8-8FAC-E01769603B8F}.Ad-Hoc|iPhone.Build.0 = Release|Any CPU
		{8E5886FB-1051-4DE8-8FAC-E01769603B8F}.Ad-Hoc|iPhone.Deploy.0 = Release|Any CPU
		{8E5886FB-1051-4DE8-8FAC-E01769603B8F}.Ad-Hoc|iPhoneSimulator.ActiveCfg = Release|Any CPU
		{8E5886FB-1051-4DE8-8FAC-E01769603B8F}.Ad-Hoc|iPhoneSimulator.Build.0 = Release|Any CPU
		{8E5886FB-1051-4DE8-8FAC-E01769603B8F}.Ad-Hoc|iPhoneSimulator.Deploy.0 = Release|Any CPU
		{8E5886FB-1051-4DE8-8FAC-E01769603B8F}.Ad-Hoc|x64.ActiveCfg = Release|Any CPU
		{8E5886FB-1051-4DE8-8FAC-E01769603B8F}.Ad-Hoc|x64.Build.0 = Release|Any CPU
		{8E5886FB-1051-4DE8-8FAC-E01769603B8F}.Ad-Hoc|x64.Deploy.0 = Release|Any CPU
		{8E5886FB-1051-4DE8-8FAC-E01769603B8F}.Ad-Hoc|x86.ActiveCfg = Release|Any CPU
		{8E5886FB-1051-4DE8-8FAC-E01769603B8F}.Ad-Hoc|x86.Build.0 = Release|Any CPU
		{8E5886FB-1051-4DE8-8FAC-E01769603B8F}.Ad-Hoc|x86.Deploy.0 = Release|Any CPU
		{8E5886FB-1051-4DE8-8FAC-E01769603B8F}.AppStore|Any CPU.ActiveCfg = Release|Any CPU
		{8E5886FB-1051-4DE8-8FAC-E01769603B8F}.AppStore|Any CPU.Build.0 = Release|Any CPU
		{8E5886FB-1051-4DE8-8FAC-E01769603B8F}.AppStore|Any CPU.Deploy.0 = Release|Any CPU
		{8E5886FB-1051-4DE8-8FAC-E01769603B8F}.AppStore|ARM.ActiveCfg = Release|Any CPU
		{8E5886FB-1051-4DE8-8FAC-E01769603B8F}.AppStore|ARM.Build.0 = Release|Any CPU
		{8E5886FB-1051-4DE8-8FAC-E01769603B8F}.AppStore|ARM.Deploy.0 = Release|Any CPU
		{8E5886FB-1051-4DE8-8FAC-E01769603B8F}.AppStore|iPhone.ActiveCfg = Release|Any CPU
		{8E5886FB-1051-4DE8-8FAC-E01769603B8F}.AppStore|iPhone.Build.0 = Release|Any CPU
		{8E5886FB-1051-4DE8-8FAC-E01769603B8F}.AppStore|iPhone.Deploy.0 = Release|Any CPU
		{8E5886FB-1051-4DE8-8FAC-E01769603B8F}.AppStore|iPhoneSimulator.ActiveCfg = Release|Any CPU
		{8E5886FB-1051-4DE8-8FAC-E01769603B8F}.AppStore|iPhoneSimulator.Build.0 = Release|Any CPU
		{8E5886FB-1051-4DE8-8FAC-E01769603B8F}.AppStore|iPhoneSimulator.Deploy.0 = Release|Any CPU
		{8E5886FB-1051-4DE8-8FAC-E01769603B8F}.AppStore|x64.ActiveCfg = Release|Any CPU
		{8E5886FB-1051-4DE8-8FAC-E01769603B8F}.AppStore|x64.Build.0 = Release|Any CPU
		{8E5886FB-1051-4DE8-8FAC-E01769603B8F}.AppStore|x64.Deploy.0 = Release|Any CPU
		{8E5886FB-1051-4DE8-8FAC-E01769603B8F}.AppStore|x86.ActiveCfg = Release|Any CPU
		{8E5886FB-1051-4DE8-8FAC-E01769603B8F}.AppStore|x86.Build.0 = Release|Any CPU
		{8E5886FB-1051-4DE8-8FAC-E01769603B8F}.AppStore|x86.Deploy.0 = Release|Any CPU
		{8E5886FB-1051-4DE8-8FAC-E01769603B8F}.Debug|Any CPU.ActiveCfg = Debug|Any CPU
		{8E5886FB-1051-4DE8-8FAC-E01769603B8F}.Debug|Any CPU.Build.0 = Debug|Any CPU
		{8E5886FB-1051-4DE8-8FAC-E01769603B8F}.Debug|Any CPU.Deploy.0 = Debug|Any CPU
		{8E5886FB-1051-4DE8-8FAC-E01769603B8F}.Debug|ARM.ActiveCfg = Debug|Any CPU
		{8E5886FB-1051-4DE8-8FAC-E01769603B8F}.Debug|ARM.Build.0 = Debug|Any CPU
		{8E5886FB-1051-4DE8-8FAC-E01769603B8F}.Debug|ARM.Deploy.0 = Debug|Any CPU
		{8E5886FB-1051-4DE8-8FAC-E01769603B8F}.Debug|iPhone.ActiveCfg = Debug|Any CPU
		{8E5886FB-1051-4DE8-8FAC-E01769603B8F}.Debug|iPhone.Build.0 = Debug|Any CPU
		{8E5886FB-1051-4DE8-8FAC-E01769603B8F}.Debug|iPhone.Deploy.0 = Debug|Any CPU
		{8E5886FB-1051-4DE8-8FAC-E01769603B8F}.Debug|iPhoneSimulator.ActiveCfg = Debug|Any CPU
		{8E5886FB-1051-4DE8-8FAC-E01769603B8F}.Debug|iPhoneSimulator.Build.0 = Debug|Any CPU
		{8E5886FB-1051-4DE8-8FAC-E01769603B8F}.Debug|iPhoneSimulator.Deploy.0 = Debug|Any CPU
		{8E5886FB-1051-4DE8-8FAC-E01769603B8F}.Debug|x64.ActiveCfg = Debug|Any CPU
		{8E5886FB-1051-4DE8-8FAC-E01769603B8F}.Debug|x64.Build.0 = Debug|Any CPU
		{8E5886FB-1051-4DE8-8FAC-E01769603B8F}.Debug|x64.Deploy.0 = Debug|Any CPU
		{8E5886FB-1051-4DE8-8FAC-E01769603B8F}.Debug|x86.ActiveCfg = Debug|Any CPU
		{8E5886FB-1051-4DE8-8FAC-E01769603B8F}.Debug|x86.Build.0 = Debug|Any CPU
		{8E5886FB-1051-4DE8-8FAC-E01769603B8F}.Debug|x86.Deploy.0 = Debug|Any CPU
		{8E5886FB-1051-4DE8-8FAC-E01769603B8F}.Release|Any CPU.ActiveCfg = Release|Any CPU
		{8E5886FB-1051-4DE8-8FAC-E01769603B8F}.Release|Any CPU.Build.0 = Release|Any CPU
		{8E5886FB-1051-4DE8-8FAC-E01769603B8F}.Release|Any CPU.Deploy.0 = Release|Any CPU
		{8E5886FB-1051-4DE8-8FAC-E01769603B8F}.Release|ARM.ActiveCfg = Release|Any CPU
		{8E5886FB-1051-4DE8-8FAC-E01769603B8F}.Release|ARM.Build.0 = Release|Any CPU
		{8E5886FB-1051-4DE8-8FAC-E01769603B8F}.Release|ARM.Deploy.0 = Release|Any CPU
		{8E5886FB-1051-4DE8-8FAC-E01769603B8F}.Release|iPhone.ActiveCfg = Release|Any CPU
		{8E5886FB-1051-4DE8-8FAC-E01769603B8F}.Release|iPhone.Build.0 = Release|Any CPU
		{8E5886FB-1051-4DE8-8FAC-E01769603B8F}.Release|iPhone.Deploy.0 = Release|Any CPU
		{8E5886FB-1051-4DE8-8FAC-E01769603B8F}.Release|iPhoneSimulator.ActiveCfg = Release|Any CPU
		{8E5886FB-1051-4DE8-8FAC-E01769603B8F}.Release|iPhoneSimulator.Build.0 = Release|Any CPU
		{8E5886FB-1051-4DE8-8FAC-E01769603B8F}.Release|iPhoneSimulator.Deploy.0 = Release|Any CPU
		{8E5886FB-1051-4DE8-8FAC-E01769603B8F}.Release|x64.ActiveCfg = Release|Any CPU
		{8E5886FB-1051-4DE8-8FAC-E01769603B8F}.Release|x64.Build.0 = Release|Any CPU
		{8E5886FB-1051-4DE8-8FAC-E01769603B8F}.Release|x64.Deploy.0 = Release|Any CPU
		{8E5886FB-1051-4DE8-8FAC-E01769603B8F}.Release|x86.ActiveCfg = Release|Any CPU
		{8E5886FB-1051-4DE8-8FAC-E01769603B8F}.Release|x86.Build.0 = Release|Any CPU
		{8E5886FB-1051-4DE8-8FAC-E01769603B8F}.Release|x86.Deploy.0 = Release|Any CPU
		{81D29484-FA72-4BC3-8992-90775BA37055}.Ad-Hoc|Any CPU.ActiveCfg = Ad-Hoc|iPhone
		{81D29484-FA72-4BC3-8992-90775BA37055}.Ad-Hoc|ARM.ActiveCfg = Ad-Hoc|iPhone
		{81D29484-FA72-4BC3-8992-90775BA37055}.Ad-Hoc|iPhone.ActiveCfg = Ad-Hoc|iPhone
		{81D29484-FA72-4BC3-8992-90775BA37055}.Ad-Hoc|iPhone.Build.0 = Ad-Hoc|iPhone
		{81D29484-FA72-4BC3-8992-90775BA37055}.Ad-Hoc|iPhoneSimulator.ActiveCfg = Ad-Hoc|iPhoneSimulator
		{81D29484-FA72-4BC3-8992-90775BA37055}.Ad-Hoc|iPhoneSimulator.Build.0 = Ad-Hoc|iPhoneSimulator
		{81D29484-FA72-4BC3-8992-90775BA37055}.Ad-Hoc|x64.ActiveCfg = Ad-Hoc|iPhone
		{81D29484-FA72-4BC3-8992-90775BA37055}.Ad-Hoc|x86.ActiveCfg = Ad-Hoc|iPhone
		{81D29484-FA72-4BC3-8992-90775BA37055}.AppStore|Any CPU.ActiveCfg = AppStore|iPhone
		{81D29484-FA72-4BC3-8992-90775BA37055}.AppStore|ARM.ActiveCfg = AppStore|iPhone
		{81D29484-FA72-4BC3-8992-90775BA37055}.AppStore|iPhone.ActiveCfg = AppStore|iPhone
		{81D29484-FA72-4BC3-8992-90775BA37055}.AppStore|iPhone.Build.0 = AppStore|iPhone
		{81D29484-FA72-4BC3-8992-90775BA37055}.AppStore|iPhoneSimulator.ActiveCfg = AppStore|iPhoneSimulator
		{81D29484-FA72-4BC3-8992-90775BA37055}.AppStore|iPhoneSimulator.Build.0 = AppStore|iPhoneSimulator
		{81D29484-FA72-4BC3-8992-90775BA37055}.AppStore|x64.ActiveCfg = AppStore|iPhone
		{81D29484-FA72-4BC3-8992-90775BA37055}.AppStore|x86.ActiveCfg = AppStore|iPhone
		{81D29484-FA72-4BC3-8992-90775BA37055}.Debug|Any CPU.ActiveCfg = Debug|iPhone
		{81D29484-FA72-4BC3-8992-90775BA37055}.Debug|ARM.ActiveCfg = Debug|iPhone
		{81D29484-FA72-4BC3-8992-90775BA37055}.Debug|iPhone.ActiveCfg = Debug|iPhone
		{81D29484-FA72-4BC3-8992-90775BA37055}.Debug|iPhone.Build.0 = Debug|iPhone
		{81D29484-FA72-4BC3-8992-90775BA37055}.Debug|iPhoneSimulator.ActiveCfg = Debug|iPhoneSimulator
		{81D29484-FA72-4BC3-8992-90775BA37055}.Debug|iPhoneSimulator.Build.0 = Debug|iPhoneSimulator
		{81D29484-FA72-4BC3-8992-90775BA37055}.Debug|x64.ActiveCfg = Debug|iPhone
		{81D29484-FA72-4BC3-8992-90775BA37055}.Debug|x86.ActiveCfg = Debug|iPhone
		{81D29484-FA72-4BC3-8992-90775BA37055}.Release|Any CPU.ActiveCfg = Release|iPhone
		{81D29484-FA72-4BC3-8992-90775BA37055}.Release|ARM.ActiveCfg = Release|iPhone
		{81D29484-FA72-4BC3-8992-90775BA37055}.Release|iPhone.ActiveCfg = Release|iPhone
		{81D29484-FA72-4BC3-8992-90775BA37055}.Release|iPhone.Build.0 = Release|iPhone
		{81D29484-FA72-4BC3-8992-90775BA37055}.Release|iPhoneSimulator.ActiveCfg = Release|iPhoneSimulator
		{81D29484-FA72-4BC3-8992-90775BA37055}.Release|iPhoneSimulator.Build.0 = Release|iPhoneSimulator
		{81D29484-FA72-4BC3-8992-90775BA37055}.Release|x64.ActiveCfg = Release|iPhone
		{81D29484-FA72-4BC3-8992-90775BA37055}.Release|x86.ActiveCfg = Release|iPhone
		{344888F9-4D6A-49BA-A840-8B33AFC4EC9F}.Ad-Hoc|Any CPU.ActiveCfg = Release|Any CPU
		{344888F9-4D6A-49BA-A840-8B33AFC4EC9F}.Ad-Hoc|Any CPU.Build.0 = Release|Any CPU
		{344888F9-4D6A-49BA-A840-8B33AFC4EC9F}.Ad-Hoc|Any CPU.Deploy.0 = Release|Any CPU
		{344888F9-4D6A-49BA-A840-8B33AFC4EC9F}.Ad-Hoc|ARM.ActiveCfg = Release|ARM
		{344888F9-4D6A-49BA-A840-8B33AFC4EC9F}.Ad-Hoc|ARM.Build.0 = Release|ARM
		{344888F9-4D6A-49BA-A840-8B33AFC4EC9F}.Ad-Hoc|ARM.Deploy.0 = Release|ARM
		{344888F9-4D6A-49BA-A840-8B33AFC4EC9F}.Ad-Hoc|iPhone.ActiveCfg = Release|Any CPU
		{344888F9-4D6A-49BA-A840-8B33AFC4EC9F}.Ad-Hoc|iPhone.Build.0 = Release|Any CPU
		{344888F9-4D6A-49BA-A840-8B33AFC4EC9F}.Ad-Hoc|iPhone.Deploy.0 = Release|Any CPU
		{344888F9-4D6A-49BA-A840-8B33AFC4EC9F}.Ad-Hoc|iPhoneSimulator.ActiveCfg = Release|Any CPU
		{344888F9-4D6A-49BA-A840-8B33AFC4EC9F}.Ad-Hoc|iPhoneSimulator.Build.0 = Release|Any CPU
		{344888F9-4D6A-49BA-A840-8B33AFC4EC9F}.Ad-Hoc|iPhoneSimulator.Deploy.0 = Release|Any CPU
		{344888F9-4D6A-49BA-A840-8B33AFC4EC9F}.Ad-Hoc|x64.ActiveCfg = Release|Any CPU
		{344888F9-4D6A-49BA-A840-8B33AFC4EC9F}.Ad-Hoc|x64.Build.0 = Release|Any CPU
		{344888F9-4D6A-49BA-A840-8B33AFC4EC9F}.Ad-Hoc|x64.Deploy.0 = Release|Any CPU
		{344888F9-4D6A-49BA-A840-8B33AFC4EC9F}.Ad-Hoc|x86.ActiveCfg = Release|x86
		{344888F9-4D6A-49BA-A840-8B33AFC4EC9F}.Ad-Hoc|x86.Build.0 = Release|x86
		{344888F9-4D6A-49BA-A840-8B33AFC4EC9F}.Ad-Hoc|x86.Deploy.0 = Release|x86
		{344888F9-4D6A-49BA-A840-8B33AFC4EC9F}.AppStore|Any CPU.ActiveCfg = Release|Any CPU
		{344888F9-4D6A-49BA-A840-8B33AFC4EC9F}.AppStore|Any CPU.Build.0 = Release|Any CPU
		{344888F9-4D6A-49BA-A840-8B33AFC4EC9F}.AppStore|Any CPU.Deploy.0 = Release|Any CPU
		{344888F9-4D6A-49BA-A840-8B33AFC4EC9F}.AppStore|ARM.ActiveCfg = Release|ARM
		{344888F9-4D6A-49BA-A840-8B33AFC4EC9F}.AppStore|ARM.Build.0 = Release|ARM
		{344888F9-4D6A-49BA-A840-8B33AFC4EC9F}.AppStore|ARM.Deploy.0 = Release|ARM
		{344888F9-4D6A-49BA-A840-8B33AFC4EC9F}.AppStore|iPhone.ActiveCfg = Release|Any CPU
		{344888F9-4D6A-49BA-A840-8B33AFC4EC9F}.AppStore|iPhone.Build.0 = Release|Any CPU
		{344888F9-4D6A-49BA-A840-8B33AFC4EC9F}.AppStore|iPhone.Deploy.0 = Release|Any CPU
		{344888F9-4D6A-49BA-A840-8B33AFC4EC9F}.AppStore|iPhoneSimulator.ActiveCfg = Release|Any CPU
		{344888F9-4D6A-49BA-A840-8B33AFC4EC9F}.AppStore|iPhoneSimulator.Build.0 = Release|Any CPU
		{344888F9-4D6A-49BA-A840-8B33AFC4EC9F}.AppStore|iPhoneSimulator.Deploy.0 = Release|Any CPU
		{344888F9-4D6A-49BA-A840-8B33AFC4EC9F}.AppStore|x64.ActiveCfg = Release|Any CPU
		{344888F9-4D6A-49BA-A840-8B33AFC4EC9F}.AppStore|x64.Build.0 = Release|Any CPU
		{344888F9-4D6A-49BA-A840-8B33AFC4EC9F}.AppStore|x64.Deploy.0 = Release|Any CPU
		{344888F9-4D6A-49BA-A840-8B33AFC4EC9F}.AppStore|x86.ActiveCfg = Release|x86
		{344888F9-4D6A-49BA-A840-8B33AFC4EC9F}.AppStore|x86.Build.0 = Release|x86
		{344888F9-4D6A-49BA-A840-8B33AFC4EC9F}.AppStore|x86.Deploy.0 = Release|x86
		{344888F9-4D6A-49BA-A840-8B33AFC4EC9F}.Debug|Any CPU.ActiveCfg = Debug|Any CPU
		{344888F9-4D6A-49BA-A840-8B33AFC4EC9F}.Debug|Any CPU.Build.0 = Debug|Any CPU
		{344888F9-4D6A-49BA-A840-8B33AFC4EC9F}.Debug|Any CPU.Deploy.0 = Debug|Any CPU
		{344888F9-4D6A-49BA-A840-8B33AFC4EC9F}.Debug|ARM.ActiveCfg = Debug|ARM
		{344888F9-4D6A-49BA-A840-8B33AFC4EC9F}.Debug|ARM.Build.0 = Debug|ARM
		{344888F9-4D6A-49BA-A840-8B33AFC4EC9F}.Debug|ARM.Deploy.0 = Debug|ARM
		{344888F9-4D6A-49BA-A840-8B33AFC4EC9F}.Debug|iPhone.ActiveCfg = Debug|Any CPU
		{344888F9-4D6A-49BA-A840-8B33AFC4EC9F}.Debug|iPhone.Build.0 = Debug|Any CPU
		{344888F9-4D6A-49BA-A840-8B33AFC4EC9F}.Debug|iPhone.Deploy.0 = Debug|Any CPU
		{344888F9-4D6A-49BA-A840-8B33AFC4EC9F}.Debug|iPhoneSimulator.ActiveCfg = Debug|Any CPU
		{344888F9-4D6A-49BA-A840-8B33AFC4EC9F}.Debug|iPhoneSimulator.Build.0 = Debug|Any CPU
		{344888F9-4D6A-49BA-A840-8B33AFC4EC9F}.Debug|iPhoneSimulator.Deploy.0 = Debug|Any CPU
		{344888F9-4D6A-49BA-A840-8B33AFC4EC9F}.Debug|x64.ActiveCfg = Debug|Any CPU
		{344888F9-4D6A-49BA-A840-8B33AFC4EC9F}.Debug|x64.Build.0 = Debug|Any CPU
		{344888F9-4D6A-49BA-A840-8B33AFC4EC9F}.Debug|x64.Deploy.0 = Debug|Any CPU
		{344888F9-4D6A-49BA-A840-8B33AFC4EC9F}.Debug|x86.ActiveCfg = Debug|x86
		{344888F9-4D6A-49BA-A840-8B33AFC4EC9F}.Debug|x86.Build.0 = Debug|x86
		{344888F9-4D6A-49BA-A840-8B33AFC4EC9F}.Debug|x86.Deploy.0 = Debug|x86
		{344888F9-4D6A-49BA-A840-8B33AFC4EC9F}.Release|Any CPU.ActiveCfg = Release|Any CPU
		{344888F9-4D6A-49BA-A840-8B33AFC4EC9F}.Release|Any CPU.Build.0 = Release|Any CPU
		{344888F9-4D6A-49BA-A840-8B33AFC4EC9F}.Release|Any CPU.Deploy.0 = Release|Any CPU
		{344888F9-4D6A-49BA-A840-8B33AFC4EC9F}.Release|ARM.ActiveCfg = Release|ARM
		{344888F9-4D6A-49BA-A840-8B33AFC4EC9F}.Release|ARM.Build.0 = Release|ARM
		{344888F9-4D6A-49BA-A840-8B33AFC4EC9F}.Release|ARM.Deploy.0 = Release|ARM
		{344888F9-4D6A-49BA-A840-8B33AFC4EC9F}.Release|iPhone.ActiveCfg = Release|Any CPU
		{344888F9-4D6A-49BA-A840-8B33AFC4EC9F}.Release|iPhone.Build.0 = Release|Any CPU
		{344888F9-4D6A-49BA-A840-8B33AFC4EC9F}.Release|iPhone.Deploy.0 = Release|Any CPU
		{344888F9-4D6A-49BA-A840-8B33AFC4EC9F}.Release|iPhoneSimulator.ActiveCfg = Release|Any CPU
		{344888F9-4D6A-49BA-A840-8B33AFC4EC9F}.Release|iPhoneSimulator.Build.0 = Release|Any CPU
		{344888F9-4D6A-49BA-A840-8B33AFC4EC9F}.Release|iPhoneSimulator.Deploy.0 = Release|Any CPU
		{344888F9-4D6A-49BA-A840-8B33AFC4EC9F}.Release|x64.ActiveCfg = Release|Any CPU
		{344888F9-4D6A-49BA-A840-8B33AFC4EC9F}.Release|x64.Build.0 = Release|Any CPU
		{344888F9-4D6A-49BA-A840-8B33AFC4EC9F}.Release|x64.Deploy.0 = Release|Any CPU
		{344888F9-4D6A-49BA-A840-8B33AFC4EC9F}.Release|x86.ActiveCfg = Release|x86
		{344888F9-4D6A-49BA-A840-8B33AFC4EC9F}.Release|x86.Build.0 = Release|x86
		{344888F9-4D6A-49BA-A840-8B33AFC4EC9F}.Release|x86.Deploy.0 = Release|x86
		{3005F582-9186-453A-8588-10403200E365}.Ad-Hoc|Any CPU.ActiveCfg = Release|x86
		{3005F582-9186-453A-8588-10403200E365}.Ad-Hoc|Any CPU.Build.0 = Release|x86
		{3005F582-9186-453A-8588-10403200E365}.Ad-Hoc|Any CPU.Deploy.0 = Release|x86
		{3005F582-9186-453A-8588-10403200E365}.Ad-Hoc|ARM.ActiveCfg = Release|ARM
		{3005F582-9186-453A-8588-10403200E365}.Ad-Hoc|ARM.Build.0 = Release|ARM
		{3005F582-9186-453A-8588-10403200E365}.Ad-Hoc|ARM.Deploy.0 = Release|ARM
		{3005F582-9186-453A-8588-10403200E365}.Ad-Hoc|iPhone.ActiveCfg = Release|x86
		{3005F582-9186-453A-8588-10403200E365}.Ad-Hoc|iPhone.Build.0 = Release|x86
		{3005F582-9186-453A-8588-10403200E365}.Ad-Hoc|iPhone.Deploy.0 = Release|x86
		{3005F582-9186-453A-8588-10403200E365}.Ad-Hoc|iPhoneSimulator.ActiveCfg = Release|x86
		{3005F582-9186-453A-8588-10403200E365}.Ad-Hoc|iPhoneSimulator.Build.0 = Release|x86
		{3005F582-9186-453A-8588-10403200E365}.Ad-Hoc|iPhoneSimulator.Deploy.0 = Release|x86
		{3005F582-9186-453A-8588-10403200E365}.Ad-Hoc|x64.ActiveCfg = Release|x64
		{3005F582-9186-453A-8588-10403200E365}.Ad-Hoc|x64.Build.0 = Release|x64
		{3005F582-9186-453A-8588-10403200E365}.Ad-Hoc|x64.Deploy.0 = Release|x64
		{3005F582-9186-453A-8588-10403200E365}.Ad-Hoc|x86.ActiveCfg = Release|x86
		{3005F582-9186-453A-8588-10403200E365}.Ad-Hoc|x86.Build.0 = Release|x86
		{3005F582-9186-453A-8588-10403200E365}.Ad-Hoc|x86.Deploy.0 = Release|x86
		{3005F582-9186-453A-8588-10403200E365}.AppStore|Any CPU.ActiveCfg = Release|x86
		{3005F582-9186-453A-8588-10403200E365}.AppStore|Any CPU.Build.0 = Release|x86
		{3005F582-9186-453A-8588-10403200E365}.AppStore|Any CPU.Deploy.0 = Release|x86
		{3005F582-9186-453A-8588-10403200E365}.AppStore|ARM.ActiveCfg = Release|ARM
		{3005F582-9186-453A-8588-10403200E365}.AppStore|ARM.Build.0 = Release|ARM
		{3005F582-9186-453A-8588-10403200E365}.AppStore|ARM.Deploy.0 = Release|ARM
		{3005F582-9186-453A-8588-10403200E365}.AppStore|iPhone.ActiveCfg = Release|x86
		{3005F582-9186-453A-8588-10403200E365}.AppStore|iPhone.Build.0 = Release|x86
		{3005F582-9186-453A-8588-10403200E365}.AppStore|iPhone.Deploy.0 = Release|x86
		{3005F582-9186-453A-8588-10403200E365}.AppStore|iPhoneSimulator.ActiveCfg = Release|x86
		{3005F582-9186-453A-8588-10403200E365}.AppStore|iPhoneSimulator.Build.0 = Release|x86
		{3005F582-9186-453A-8588-10403200E365}.AppStore|iPhoneSimulator.Deploy.0 = Release|x86
		{3005F582-9186-453A-8588-10403200E365}.AppStore|x64.ActiveCfg = Release|x64
		{3005F582-9186-453A-8588-10403200E365}.AppStore|x64.Build.0 = Release|x64
		{3005F582-9186-453A-8588-10403200E365}.AppStore|x64.Deploy.0 = Release|x64
		{3005F582-9186-453A-8588-10403200E365}.AppStore|x86.ActiveCfg = Release|x86
		{3005F582-9186-453A-8588-10403200E365}.AppStore|x86.Build.0 = Release|x86
		{3005F582-9186-453A-8588-10403200E365}.AppStore|x86.Deploy.0 = Release|x86
		{3005F582-9186-453A-8588-10403200E365}.Debug|Any CPU.ActiveCfg = Debug|x86
		{3005F582-9186-453A-8588-10403200E365}.Debug|ARM.ActiveCfg = Debug|ARM
		{3005F582-9186-453A-8588-10403200E365}.Debug|ARM.Build.0 = Debug|ARM
		{3005F582-9186-453A-8588-10403200E365}.Debug|ARM.Deploy.0 = Debug|ARM
		{3005F582-9186-453A-8588-10403200E365}.Debug|iPhone.ActiveCfg = Debug|x86
		{3005F582-9186-453A-8588-10403200E365}.Debug|iPhoneSimulator.ActiveCfg = Debug|x86
		{3005F582-9186-453A-8588-10403200E365}.Debug|x64.ActiveCfg = Debug|x64
		{3005F582-9186-453A-8588-10403200E365}.Debug|x64.Build.0 = Debug|x64
		{3005F582-9186-453A-8588-10403200E365}.Debug|x64.Deploy.0 = Debug|x64
		{3005F582-9186-453A-8588-10403200E365}.Debug|x86.ActiveCfg = Debug|x86
		{3005F582-9186-453A-8588-10403200E365}.Debug|x86.Build.0 = Debug|x86
		{3005F582-9186-453A-8588-10403200E365}.Debug|x86.Deploy.0 = Debug|x86
		{3005F582-9186-453A-8588-10403200E365}.Release|Any CPU.ActiveCfg = Release|x86
		{3005F582-9186-453A-8588-10403200E365}.Release|ARM.ActiveCfg = Release|ARM
		{3005F582-9186-453A-8588-10403200E365}.Release|ARM.Build.0 = Release|ARM
		{3005F582-9186-453A-8588-10403200E365}.Release|ARM.Deploy.0 = Release|ARM
		{3005F582-9186-453A-8588-10403200E365}.Release|iPhone.ActiveCfg = Release|x86
		{3005F582-9186-453A-8588-10403200E365}.Release|iPhoneSimulator.ActiveCfg = Release|x86
		{3005F582-9186-453A-8588-10403200E365}.Release|x64.ActiveCfg = Release|x64
		{3005F582-9186-453A-8588-10403200E365}.Release|x64.Build.0 = Release|x64
		{3005F582-9186-453A-8588-10403200E365}.Release|x64.Deploy.0 = Release|x64
		{3005F582-9186-453A-8588-10403200E365}.Release|x86.ActiveCfg = Release|x86
		{3005F582-9186-453A-8588-10403200E365}.Release|x86.Build.0 = Release|x86
		{3005F582-9186-453A-8588-10403200E365}.Release|x86.Deploy.0 = Release|x86
		{EC02B635-62DA-4688-8376-148328BBD085}.Ad-Hoc|Any CPU.ActiveCfg = Release|Any CPU
		{EC02B635-62DA-4688-8376-148328BBD085}.Ad-Hoc|Any CPU.Build.0 = Release|Any CPU
		{EC02B635-62DA-4688-8376-148328BBD085}.Ad-Hoc|Any CPU.Deploy.0 = Release|Any CPU
		{EC02B635-62DA-4688-8376-148328BBD085}.Ad-Hoc|ARM.ActiveCfg = Release|ARM
		{EC02B635-62DA-4688-8376-148328BBD085}.Ad-Hoc|ARM.Build.0 = Release|ARM
		{EC02B635-62DA-4688-8376-148328BBD085}.Ad-Hoc|ARM.Deploy.0 = Release|ARM
		{EC02B635-62DA-4688-8376-148328BBD085}.Ad-Hoc|iPhone.ActiveCfg = Release|Any CPU
		{EC02B635-62DA-4688-8376-148328BBD085}.Ad-Hoc|iPhone.Build.0 = Release|Any CPU
		{EC02B635-62DA-4688-8376-148328BBD085}.Ad-Hoc|iPhone.Deploy.0 = Release|Any CPU
		{EC02B635-62DA-4688-8376-148328BBD085}.Ad-Hoc|iPhoneSimulator.ActiveCfg = Release|Any CPU
		{EC02B635-62DA-4688-8376-148328BBD085}.Ad-Hoc|iPhoneSimulator.Build.0 = Release|Any CPU
		{EC02B635-62DA-4688-8376-148328BBD085}.Ad-Hoc|iPhoneSimulator.Deploy.0 = Release|Any CPU
		{EC02B635-62DA-4688-8376-148328BBD085}.Ad-Hoc|x64.ActiveCfg = Release|x64
		{EC02B635-62DA-4688-8376-148328BBD085}.Ad-Hoc|x64.Build.0 = Release|x64
		{EC02B635-62DA-4688-8376-148328BBD085}.Ad-Hoc|x64.Deploy.0 = Release|x64
		{EC02B635-62DA-4688-8376-148328BBD085}.Ad-Hoc|x86.ActiveCfg = Release|x86
		{EC02B635-62DA-4688-8376-148328BBD085}.Ad-Hoc|x86.Build.0 = Release|x86
		{EC02B635-62DA-4688-8376-148328BBD085}.Ad-Hoc|x86.Deploy.0 = Release|x86
		{EC02B635-62DA-4688-8376-148328BBD085}.AppStore|Any CPU.ActiveCfg = Release|Any CPU
		{EC02B635-62DA-4688-8376-148328BBD085}.AppStore|Any CPU.Build.0 = Release|Any CPU
		{EC02B635-62DA-4688-8376-148328BBD085}.AppStore|Any CPU.Deploy.0 = Release|Any CPU
		{EC02B635-62DA-4688-8376-148328BBD085}.AppStore|ARM.ActiveCfg = Release|ARM
		{EC02B635-62DA-4688-8376-148328BBD085}.AppStore|ARM.Build.0 = Release|ARM
		{EC02B635-62DA-4688-8376-148328BBD085}.AppStore|ARM.Deploy.0 = Release|ARM
		{EC02B635-62DA-4688-8376-148328BBD085}.AppStore|iPhone.ActiveCfg = Release|Any CPU
		{EC02B635-62DA-4688-8376-148328BBD085}.AppStore|iPhone.Build.0 = Release|Any CPU
		{EC02B635-62DA-4688-8376-148328BBD085}.AppStore|iPhone.Deploy.0 = Release|Any CPU
		{EC02B635-62DA-4688-8376-148328BBD085}.AppStore|iPhoneSimulator.ActiveCfg = Release|Any CPU
		{EC02B635-62DA-4688-8376-148328BBD085}.AppStore|iPhoneSimulator.Build.0 = Release|Any CPU
		{EC02B635-62DA-4688-8376-148328BBD085}.AppStore|iPhoneSimulator.Deploy.0 = Release|Any CPU
		{EC02B635-62DA-4688-8376-148328BBD085}.AppStore|x64.ActiveCfg = Release|x64
		{EC02B635-62DA-4688-8376-148328BBD085}.AppStore|x64.Build.0 = Release|x64
		{EC02B635-62DA-4688-8376-148328BBD085}.AppStore|x64.Deploy.0 = Release|x64
		{EC02B635-62DA-4688-8376-148328BBD085}.AppStore|x86.ActiveCfg = Release|x86
		{EC02B635-62DA-4688-8376-148328BBD085}.AppStore|x86.Build.0 = Release|x86
		{EC02B635-62DA-4688-8376-148328BBD085}.AppStore|x86.Deploy.0 = Release|x86
		{EC02B635-62DA-4688-8376-148328BBD085}.Debug|Any CPU.ActiveCfg = Debug|Any CPU
		{EC02B635-62DA-4688-8376-148328BBD085}.Debug|Any CPU.Build.0 = Debug|Any CPU
		{EC02B635-62DA-4688-8376-148328BBD085}.Debug|Any CPU.Deploy.0 = Debug|Any CPU
		{EC02B635-62DA-4688-8376-148328BBD085}.Debug|ARM.ActiveCfg = Debug|ARM
		{EC02B635-62DA-4688-8376-148328BBD085}.Debug|ARM.Build.0 = Debug|ARM
		{EC02B635-62DA-4688-8376-148328BBD085}.Debug|ARM.Deploy.0 = Debug|ARM
		{EC02B635-62DA-4688-8376-148328BBD085}.Debug|iPhone.ActiveCfg = Debug|Any CPU
		{EC02B635-62DA-4688-8376-148328BBD085}.Debug|iPhone.Build.0 = Debug|Any CPU
		{EC02B635-62DA-4688-8376-148328BBD085}.Debug|iPhone.Deploy.0 = Debug|Any CPU
		{EC02B635-62DA-4688-8376-148328BBD085}.Debug|iPhoneSimulator.ActiveCfg = Debug|Any CPU
		{EC02B635-62DA-4688-8376-148328BBD085}.Debug|iPhoneSimulator.Build.0 = Debug|Any CPU
		{EC02B635-62DA-4688-8376-148328BBD085}.Debug|iPhoneSimulator.Deploy.0 = Debug|Any CPU
		{EC02B635-62DA-4688-8376-148328BBD085}.Debug|x64.ActiveCfg = Debug|x64
		{EC02B635-62DA-4688-8376-148328BBD085}.Debug|x64.Build.0 = Debug|x64
		{EC02B635-62DA-4688-8376-148328BBD085}.Debug|x64.Deploy.0 = Debug|x64
		{EC02B635-62DA-4688-8376-148328BBD085}.Debug|x86.ActiveCfg = Debug|x86
		{EC02B635-62DA-4688-8376-148328BBD085}.Debug|x86.Build.0 = Debug|x86
		{EC02B635-62DA-4688-8376-148328BBD085}.Debug|x86.Deploy.0 = Debug|x86
		{EC02B635-62DA-4688-8376-148328BBD085}.Release|Any CPU.ActiveCfg = Release|Any CPU
		{EC02B635-62DA-4688-8376-148328BBD085}.Release|Any CPU.Build.0 = Release|Any CPU
		{EC02B635-62DA-4688-8376-148328BBD085}.Release|Any CPU.Deploy.0 = Release|Any CPU
		{EC02B635-62DA-4688-8376-148328BBD085}.Release|ARM.ActiveCfg = Release|ARM
		{EC02B635-62DA-4688-8376-148328BBD085}.Release|ARM.Build.0 = Release|ARM
		{EC02B635-62DA-4688-8376-148328BBD085}.Release|ARM.Deploy.0 = Release|ARM
		{EC02B635-62DA-4688-8376-148328BBD085}.Release|iPhone.ActiveCfg = Release|Any CPU
		{EC02B635-62DA-4688-8376-148328BBD085}.Release|iPhone.Build.0 = Release|Any CPU
		{EC02B635-62DA-4688-8376-148328BBD085}.Release|iPhone.Deploy.0 = Release|Any CPU
		{EC02B635-62DA-4688-8376-148328BBD085}.Release|iPhoneSimulator.ActiveCfg = Release|Any CPU
		{EC02B635-62DA-4688-8376-148328BBD085}.Release|iPhoneSimulator.Build.0 = Release|Any CPU
		{EC02B635-62DA-4688-8376-148328BBD085}.Release|iPhoneSimulator.Deploy.0 = Release|Any CPU
		{EC02B635-62DA-4688-8376-148328BBD085}.Release|x64.ActiveCfg = Release|x64
		{EC02B635-62DA-4688-8376-148328BBD085}.Release|x64.Build.0 = Release|x64
		{EC02B635-62DA-4688-8376-148328BBD085}.Release|x64.Deploy.0 = Release|x64
		{EC02B635-62DA-4688-8376-148328BBD085}.Release|x86.ActiveCfg = Release|x86
		{EC02B635-62DA-4688-8376-148328BBD085}.Release|x86.Build.0 = Release|x86
		{EC02B635-62DA-4688-8376-148328BBD085}.Release|x86.Deploy.0 = Release|x86
		{9D9088D5-A816-4F1C-9797-14FBC7F790A3}.Ad-Hoc|Any CPU.ActiveCfg = Release|Any CPU
		{9D9088D5-A816-4F1C-9797-14FBC7F790A3}.Ad-Hoc|Any CPU.Build.0 = Release|Any CPU
		{9D9088D5-A816-4F1C-9797-14FBC7F790A3}.Ad-Hoc|ARM.ActiveCfg = Release|Any CPU
		{9D9088D5-A816-4F1C-9797-14FBC7F790A3}.Ad-Hoc|ARM.Build.0 = Release|Any CPU
		{9D9088D5-A816-4F1C-9797-14FBC7F790A3}.Ad-Hoc|iPhone.ActiveCfg = Release|Any CPU
		{9D9088D5-A816-4F1C-9797-14FBC7F790A3}.Ad-Hoc|iPhone.Build.0 = Release|Any CPU
		{9D9088D5-A816-4F1C-9797-14FBC7F790A3}.Ad-Hoc|iPhoneSimulator.ActiveCfg = Release|Any CPU
		{9D9088D5-A816-4F1C-9797-14FBC7F790A3}.Ad-Hoc|iPhoneSimulator.Build.0 = Release|Any CPU
		{9D9088D5-A816-4F1C-9797-14FBC7F790A3}.Ad-Hoc|x64.ActiveCfg = Release|Any CPU
		{9D9088D5-A816-4F1C-9797-14FBC7F790A3}.Ad-Hoc|x64.Build.0 = Release|Any CPU
		{9D9088D5-A816-4F1C-9797-14FBC7F790A3}.Ad-Hoc|x86.ActiveCfg = Release|Any CPU
		{9D9088D5-A816-4F1C-9797-14FBC7F790A3}.Ad-Hoc|x86.Build.0 = Release|Any CPU
		{9D9088D5-A816-4F1C-9797-14FBC7F790A3}.AppStore|Any CPU.ActiveCfg = Release|Any CPU
		{9D9088D5-A816-4F1C-9797-14FBC7F790A3}.AppStore|Any CPU.Build.0 = Release|Any CPU
		{9D9088D5-A816-4F1C-9797-14FBC7F790A3}.AppStore|ARM.ActiveCfg = Release|Any CPU
		{9D9088D5-A816-4F1C-9797-14FBC7F790A3}.AppStore|ARM.Build.0 = Release|Any CPU
		{9D9088D5-A816-4F1C-9797-14FBC7F790A3}.AppStore|iPhone.ActiveCfg = Release|Any CPU
		{9D9088D5-A816-4F1C-9797-14FBC7F790A3}.AppStore|iPhone.Build.0 = Release|Any CPU
		{9D9088D5-A816-4F1C-9797-14FBC7F790A3}.AppStore|iPhoneSimulator.ActiveCfg = Release|Any CPU
		{9D9088D5-A816-4F1C-9797-14FBC7F790A3}.AppStore|iPhoneSimulator.Build.0 = Release|Any CPU
		{9D9088D5-A816-4F1C-9797-14FBC7F790A3}.AppStore|x64.ActiveCfg = Release|Any CPU
		{9D9088D5-A816-4F1C-9797-14FBC7F790A3}.AppStore|x64.Build.0 = Release|Any CPU
		{9D9088D5-A816-4F1C-9797-14FBC7F790A3}.AppStore|x86.ActiveCfg = Release|Any CPU
		{9D9088D5-A816-4F1C-9797-14FBC7F790A3}.AppStore|x86.Build.0 = Release|Any CPU
		{9D9088D5-A816-4F1C-9797-14FBC7F790A3}.Debug|Any CPU.ActiveCfg = Debug|Any CPU
		{9D9088D5-A816-4F1C-9797-14FBC7F790A3}.Debug|Any CPU.Build.0 = Debug|Any CPU
		{9D9088D5-A816-4F1C-9797-14FBC7F790A3}.Debug|ARM.ActiveCfg = Debug|Any CPU
		{9D9088D5-A816-4F1C-9797-14FBC7F790A3}.Debug|ARM.Build.0 = Debug|Any CPU
		{9D9088D5-A816-4F1C-9797-14FBC7F790A3}.Debug|iPhone.ActiveCfg = Debug|Any CPU
		{9D9088D5-A816-4F1C-9797-14FBC7F790A3}.Debug|iPhone.Build.0 = Debug|Any CPU
		{9D9088D5-A816-4F1C-9797-14FBC7F790A3}.Debug|iPhoneSimulator.ActiveCfg = Debug|Any CPU
		{9D9088D5-A816-4F1C-9797-14FBC7F790A3}.Debug|iPhoneSimulator.Build.0 = Debug|Any CPU
		{9D9088D5-A816-4F1C-9797-14FBC7F790A3}.Debug|x64.ActiveCfg = Debug|Any CPU
		{9D9088D5-A816-4F1C-9797-14FBC7F790A3}.Debug|x64.Build.0 = Debug|Any CPU
		{9D9088D5-A816-4F1C-9797-14FBC7F790A3}.Debug|x86.ActiveCfg = Debug|Any CPU
		{9D9088D5-A816-4F1C-9797-14FBC7F790A3}.Debug|x86.Build.0 = Debug|Any CPU
		{9D9088D5-A816-4F1C-9797-14FBC7F790A3}.Release|Any CPU.ActiveCfg = Release|Any CPU
		{9D9088D5-A816-4F1C-9797-14FBC7F790A3}.Release|Any CPU.Build.0 = Release|Any CPU
		{9D9088D5-A816-4F1C-9797-14FBC7F790A3}.Release|ARM.ActiveCfg = Release|Any CPU
		{9D9088D5-A816-4F1C-9797-14FBC7F790A3}.Release|ARM.Build.0 = Release|Any CPU
		{9D9088D5-A816-4F1C-9797-14FBC7F790A3}.Release|iPhone.ActiveCfg = Release|Any CPU
		{9D9088D5-A816-4F1C-9797-14FBC7F790A3}.Release|iPhone.Build.0 = Release|Any CPU
		{9D9088D5-A816-4F1C-9797-14FBC7F790A3}.Release|iPhoneSimulator.ActiveCfg = Release|Any CPU
		{9D9088D5-A816-4F1C-9797-14FBC7F790A3}.Release|iPhoneSimulator.Build.0 = Release|Any CPU
		{9D9088D5-A816-4F1C-9797-14FBC7F790A3}.Release|x64.ActiveCfg = Release|Any CPU
		{9D9088D5-A816-4F1C-9797-14FBC7F790A3}.Release|x64.Build.0 = Release|Any CPU
		{9D9088D5-A816-4F1C-9797-14FBC7F790A3}.Release|x86.ActiveCfg = Release|Any CPU
		{9D9088D5-A816-4F1C-9797-14FBC7F790A3}.Release|x86.Build.0 = Release|Any CPU
	EndGlobalSection
	GlobalSection(SolutionProperties) = preSolution
		HideSolutionNode = FALSE
	EndGlobalSection
EndGlobal
